
Microsoft Visual Studio Solution File, Format Version 12.00
# Visual Studio Version 17
VisualStudioVersion = 17.0.31903.59
MinimumVisualStudioVersion = 10.0.40219.1
Project("{FAE04EC0-301F-11D3-BF4B-00C04F79EFBC}") = "CloudCustomers.API", "CloudCustomers.API\CloudCustomers.API.csproj", "{46D4807D-4DDB-4B19-8178-5A276C2A1B93}"
EndProject
Project("{FAE04EC0-301F-11D3-BF4B-00C04F79EFBC}") = "CloudCustomers.UnitTests", "CloudCustomers.UnitTests\CloudCustomers.UnitTests.csproj", "{354180F0-E728-45A3-8289-9EA11E09284A}"
EndProject
Global
	GlobalSection(SolutionConfigurationPlatforms) = preSolution
		Debug|Any CPU = Debug|Any CPU
		Release|Any CPU = Release|Any CPU
	EndGlobalSection
	GlobalSection(SolutionProperties) = preSolution
		HideSolutionNode = FALSE
	EndGlobalSection
	GlobalSection(ProjectConfigurationPlatforms) = postSolution
		{46D4807D-4DDB-4B19-8178-5A276C2A1B93}.Debug|Any CPU.ActiveCfg = Debug|Any CPU
		{46D4807D-4DDB-4B19-8178-5A276C2A1B93}.Debug|Any CPU.Build.0 = Debug|Any CPU
		{46D4807D-4DDB-4B19-8178-5A276C2A1B93}.Release|Any CPU.ActiveCfg = Release|Any CPU
		{46D4807D-4DDB-4B19-8178-5A276C2A1B93}.Release|Any CPU.Build.0 = Release|Any CPU
		{354180F0-E728-45A3-8289-9EA11E09284A}.Debug|Any CPU.ActiveCfg = Debug|Any CPU
		{354180F0-E728-45A3-8289-9EA11E09284A}.Debug|Any CPU.Build.0 = Debug|Any CPU
		{354180F0-E728-45A3-8289-9EA11E09284A}.Release|Any CPU.ActiveCfg = Release|Any CPU
		{354180F0-E728-45A3-8289-9EA11E09284A}.Release|Any CPU.Build.0 = Release|Any CPU
	EndGlobalSection
EndGlobal
